
Microsoft Visual Studio Solution File, Format Version 11.00
# Visual Studio 2010
Project("{FAE04EC0-301F-11D3-BF4B-00C04F79EFBC}") = "Request_Process_Portal", "Request_Process_Portal.csproj", "{754838C9-E99E-4541-8BA6-289528218DB3}"
EndProject
Global
	GlobalSection(SolutionConfigurationPlatforms) = preSolution
		Debug|Any CPU = Debug|Any CPU
		Release|Any CPU = Release|Any CPU
	EndGlobalSection
	GlobalSection(ProjectConfigurationPlatforms) = postSolution
		{754838C9-E99E-4541-8BA6-289528218DB3}.Debug|Any CPU.ActiveCfg = Debug|Any CPU
		{754838C9-E99E-4541-8BA6-289528218DB3}.Debug|Any CPU.Build.0 = Debug|Any CPU
		{754838C9-E99E-4541-8BA6-289528218DB3}.Release|Any CPU.ActiveCfg = Release|Any CPU
		{754838C9-E99E-4541-8BA6-289528218DB3}.Release|Any CPU.Build.0 = Release|Any CPU
	EndGlobalSection
	GlobalSection(SolutionProperties) = preSolution
		HideSolutionNode = FALSE
	EndGlobalSection
EndGlobal
